// !$*UTF8*$!
{
	archiveVersion = 1;
	classes = {
	};
	objectVersion = 60;
	objects = {

/* Begin PBXBuildFile section */
		1EE3C6682D980A2800BD255A /* LocationSearchView.swift in Sources */ = {isa = PBXBuildFile; fileRef = 1EE3C6672D980A2800BD255A /* LocationSearchView.swift */; };
		D0059B242D282E0C00B3D100 /* CustomTabBar.swift in Sources */ = {isa = PBXBuildFile; fileRef = D0059B232D282E0800B3D100 /* CustomTabBar.swift */; };
		D0059B2C2D282EDB00B3D100 /* MapView.swift in Sources */ = {isa = PBXBuildFile; fileRef = D0059B2B2D282ED400B3D100 /* MapView.swift */; };
		D0059B302D282F0500B3D100 /* CalendarView.swift in Sources */ = {isa = PBXBuildFile; fileRef = D0059B2F2D282EFF00B3D100 /* CalendarView.swift */; };
		D0059B342D282F9800B3D100 /* MainTabView.swift in Sources */ = {isa = PBXBuildFile; fileRef = D0059B332D282F9500B3D100 /* MainTabView.swift */; };
		D0059B382D28535700B3D100 /* User.swift in Sources */ = {isa = PBXBuildFile; fileRef = D0059B372D28535400B3D100 /* User.swift */; };
		D0059B3A2D2B4C3100B3D100 /* EmailSignUpView.swift in Sources */ = {isa = PBXBuildFile; fileRef = D0059B392D2B4C2B00B3D100 /* EmailSignUpView.swift */; };
		D01D2CEA2DAD810900180416 /* AuthenticationProtocol.swift in Sources */ = {isa = PBXBuildFile; fileRef = D01D2CE92DAD810700180416 /* AuthenticationProtocol.swift */; };
		D01D2CEE2DAD814200180416 /* SocialAuthenticationProtocol.swift in Sources */ = {isa = PBXBuildFile; fileRef = D01D2CED2DAD814000180416 /* SocialAuthenticationProtocol.swift */; };
		D01D2CF02DAD815C00180416 /* UserStorageProtocol.swift in Sources */ = {isa = PBXBuildFile; fileRef = D01D2CEF2DAD815700180416 /* UserStorageProtocol.swift */; };
		D01D2CF22DAD818F00180416 /* UserStorage.swift in Sources */ = {isa = PBXBuildFile; fileRef = D01D2CF12DAD818D00180416 /* UserStorage.swift */; };
		D01E646D2D907078005EDCDB /* SpeedometerView.swift in Sources */ = {isa = PBXBuildFile; fileRef = D01E646C2D907078005EDCDB /* SpeedometerView.swift */; };
		D039C6F32CF4BB83000F6ACE /* FirstLaunchView.swift in Sources */ = {isa = PBXBuildFile; fileRef = D039C6F22CF4BB83000F6ACE /* FirstLaunchView.swift */; };
		D06BC1C82D2C3DD500E504C8 /* PasswordResetView.swift in Sources */ = {isa = PBXBuildFile; fileRef = D06BC1C72D2C3DD100E504C8 /* PasswordResetView.swift */; };
		D06BC1CA2D2C3E5F00E504C8 /* EmailLoginView.swift in Sources */ = {isa = PBXBuildFile; fileRef = D06BC1C92D2C3E5C00E504C8 /* EmailLoginView.swift */; };
		D0750AC72DB45C230025FB4A /* MockAuthenticationService.swift in Sources */ = {isa = PBXBuildFile; fileRef = D0750AC62DB45C200025FB4A /* MockAuthenticationService.swift */; };
		D089085D2D9ABB8000784DD6 /* ProfileView.swift in Sources */ = {isa = PBXBuildFile; fileRef = D08908582D9ABB8000784DD6 /* ProfileView.swift */; };
		D089085F2D9ABB8000784DD6 /* StatisticCardView.swift in Sources */ = {isa = PBXBuildFile; fileRef = D08908502D9ABB8000784DD6 /* StatisticCardView.swift */; };
		D08908602D9ABB8000784DD6 /* BikesComponent.swift in Sources */ = {isa = PBXBuildFile; fileRef = D08908452D9ABB8000784DD6 /* BikesComponent.swift */; };
		D08908612D9ABB8000784DD6 /* RouteCardView.swift in Sources */ = {isa = PBXBuildFile; fileRef = D08908492D9ABB8000784DD6 /* RouteCardView.swift */; };
		D08908622D9ABB8000784DD6 /* MapPreviewComponent.swift in Sources */ = {isa = PBXBuildFile; fileRef = D08908422D9ABB8000784DD6 /* MapPreviewComponent.swift */; };
		D08908632D9ABB8000784DD6 /* MonthlyChartComponent.swift in Sources */ = {isa = PBXBuildFile; fileRef = D08908462D9ABB8000784DD6 /* MonthlyChartComponent.swift */; };
		D08908642D9ABB8000784DD6 /* ProfileHeaderView.swift in Sources */ = {isa = PBXBuildFile; fileRef = D08908522D9ABB8000784DD6 /* ProfileHeaderView.swift */; };
		D08908662D9ABB8000784DD6 /* StatsGridView.swift in Sources */ = {isa = PBXBuildFile; fileRef = D08908532D9ABB8000784DD6 /* StatsGridView.swift */; };
		D08908672D9ABB8000784DD6 /* CounterAnimation.swift in Sources */ = {isa = PBXBuildFile; fileRef = D08908552D9ABB8000784DD6 /* CounterAnimation.swift */; };
		D08908692D9ABB8000784DD6 /* MembershipCardCView.swift in Sources */ = {isa = PBXBuildFile; fileRef = D089084D2D9ABB8000784DD6 /* MembershipCardCView.swift */; };
		D089086A2D9ABB8000784DD6 /* StatsComponent.swift in Sources */ = {isa = PBXBuildFile; fileRef = D08908472D9ABB8000784DD6 /* StatsComponent.swift */; };
		D089086B2D9ABB8000784DD6 /* SavedRoutesView.swift in Sources */ = {isa = PBXBuildFile; fileRef = D089084A2D9ABB8000784DD6 /* SavedRoutesView.swift */; };
		D089086C2D9ABB8000784DD6 /* HomeView.swift in Sources */ = {isa = PBXBuildFile; fileRef = D089085B2D9ABB8000784DD6 /* HomeView.swift */; };
		D089086D2D9ABB8000784DD6 /* ActivitySummaryView.swift in Sources */ = {isa = PBXBuildFile; fileRef = D089084C2D9ABB8000784DD6 /* ActivitySummaryView.swift */; };
		D089086F2D9ABC2500784DD6 /* ProfileImageView.swift in Sources */ = {isa = PBXBuildFile; fileRef = D089086E2D9ABC2500784DD6 /* ProfileImageView.swift */; };
		D0B592FA2C20E3390026D977 /* CycleMateApp.swift in Sources */ = {isa = PBXBuildFile; fileRef = D0B592F92C20E3390026D977 /* CycleMateApp.swift */; };
		D0B592FC2C20E3390026D977 /* ContentView.swift in Sources */ = {isa = PBXBuildFile; fileRef = D0B592FB2C20E3390026D977 /* ContentView.swift */; };
		D0B592FE2C20E33A0026D977 /* Assets.xcassets in Resources */ = {isa = PBXBuildFile; fileRef = D0B592FD2C20E33A0026D977 /* Assets.xcassets */; };
		D0B593012C20E33A0026D977 /* Preview Assets.xcassets in Resources */ = {isa = PBXBuildFile; fileRef = D0B593002C20E33A0026D977 /* Preview Assets.xcassets */; };
		D0B5930B2C20E33A0026D977 /* CycleMateTests.swift in Sources */ = {isa = PBXBuildFile; fileRef = D0B5930A2C20E33A0026D977 /* CycleMateTests.swift */; };
		D0B593152C20E33A0026D977 /* CycleMateUITests.swift in Sources */ = {isa = PBXBuildFile; fileRef = D0B593142C20E33A0026D977 /* CycleMateUITests.swift */; };
		D0B593172C20E33A0026D977 /* CycleMateUITestsLaunchTests.swift in Sources */ = {isa = PBXBuildFile; fileRef = D0B593162C20E33A0026D977 /* CycleMateUITestsLaunchTests.swift */; };
		D0B5932A2C20E4400026D977 /* SplashScreenView.swift in Sources */ = {isa = PBXBuildFile; fileRef = D0B593292C20E4400026D977 /* SplashScreenView.swift */; };
		D0C145AD2DAA94D400674038 /* AuthenticationService.swift in Sources */ = {isa = PBXBuildFile; fileRef = D0C145AC2DAA94BC00674038 /* AuthenticationService.swift */; };
		D0C145AF2DAA94F600674038 /* APIService.swift in Sources */ = {isa = PBXBuildFile; fileRef = D0C145AE2DAA94F500674038 /* APIService.swift */; };
		D0C145B12DAAA21000674038 /* AuthResponse.swift in Sources */ = {isa = PBXBuildFile; fileRef = D0C145B02DAAA20A00674038 /* AuthResponse.swift */; };
		D0C145B32DAAD4AB00674038 /* AuthProfileService.swift in Sources */ = {isa = PBXBuildFile; fileRef = D0C145B22DAAD4A900674038 /* AuthProfileService.swift */; };
		D0C145B52DAAD50600674038 /* GoogleAuthService.swift in Sources */ = {isa = PBXBuildFile; fileRef = D0C145B42DAAD50400674038 /* GoogleAuthService.swift */; };
		D0C4CBE42D0DBC070047EAA9 /* AuthUser.swift in Sources */ = {isa = PBXBuildFile; fileRef = D0C4CBE32D0DBC070047EAA9 /* AuthUser.swift */; };
		D0C4CBE72D0DBC780047EAA9 /* AuthenticationManager.swift in Sources */ = {isa = PBXBuildFile; fileRef = D0C4CBE62D0DBC780047EAA9 /* AuthenticationManager.swift */; };
		D0C4CBE92D0DBCF00047EAA9 /* AuthViewModel.swift in Sources */ = {isa = PBXBuildFile; fileRef = D0C4CBE82D0DBCF00047EAA9 /* AuthViewModel.swift */; };
		D0C4CBED2D0DC06B0047EAA9 /* AuthenticationView.swift in Sources */ = {isa = PBXBuildFile; fileRef = D0C4CBEC2D0DC06B0047EAA9 /* AuthenticationView.swift */; };
		D0C4CBF12D0DC0CB0047EAA9 /* UserDataFormView.swift in Sources */ = {isa = PBXBuildFile; fileRef = D0C4CBF02D0DC0CB0047EAA9 /* UserDataFormView.swift */; };
		D0C4CBF32D0DC6770047EAA9 /* FirebaseAuth in Frameworks */ = {isa = PBXBuildFile; productRef = D0C4CBF22D0DC6770047EAA9 /* FirebaseAuth */; };
		D0CBC0992D0A4E80007513ED /* PageIndicator.swift in Sources */ = {isa = PBXBuildFile; fileRef = D0CBC0982D0A4E80007513ED /* PageIndicator.swift */; };
		D0CBC09E2D0A4F6C007513ED /* FirstLaunchViewModel.swift in Sources */ = {isa = PBXBuildFile; fileRef = D0CBC09D2D0A4F6C007513ED /* FirstLaunchViewModel.swift */; };
		D0CBC0A32D0A5058007513ED /* OnboardingSlide.swift in Sources */ = {isa = PBXBuildFile; fileRef = D0CBC0A22D0A5058007513ED /* OnboardingSlide.swift */; };
		D0CBC0AE2D0B9FA9007513ED /* FirebaseAnalytics in Frameworks */ = {isa = PBXBuildFile; productRef = D0CBC0AD2D0B9FA9007513ED /* FirebaseAnalytics */; };
		D0CBC0B02D0B9FA9007513ED /* FirebaseAuth in Frameworks */ = {isa = PBXBuildFile; productRef = D0CBC0AF2D0B9FA9007513ED /* FirebaseAuth */; };
		D0CBC0B22D0B9FA9007513ED /* FirebaseCore in Frameworks */ = {isa = PBXBuildFile; productRef = D0CBC0B12D0B9FA9007513ED /* FirebaseCore */; };
		D0CBC0B42D0B9FA9007513ED /* FirebaseDatabase in Frameworks */ = {isa = PBXBuildFile; productRef = D0CBC0B32D0B9FA9007513ED /* FirebaseDatabase */; };
		D0CBC0B62D0B9FA9007513ED /* FirebaseFirestore in Frameworks */ = {isa = PBXBuildFile; productRef = D0CBC0B52D0B9FA9007513ED /* FirebaseFirestore */; };
		D0CBC0B82D0B9FA9007513ED /* FirebaseFunctions in Frameworks */ = {isa = PBXBuildFile; productRef = D0CBC0B72D0B9FA9007513ED /* FirebaseFunctions */; };
		D0CBC0BA2D0B9FA9007513ED /* FirebaseStorage in Frameworks */ = {isa = PBXBuildFile; productRef = D0CBC0B92D0B9FA9007513ED /* FirebaseStorage */; };
		D0CF025C2D0DC75F00D0B15C /* FirebaseAnalytics in Frameworks */ = {isa = PBXBuildFile; productRef = D0CF025B2D0DC75F00D0B15C /* FirebaseAnalytics */; };
		D0CF025E2D0DC75F00D0B15C /* FirebaseAuth in Frameworks */ = {isa = PBXBuildFile; productRef = D0CF025D2D0DC75F00D0B15C /* FirebaseAuth */; };
		D0CF02602D0DC75F00D0B15C /* FirebaseCore in Frameworks */ = {isa = PBXBuildFile; productRef = D0CF025F2D0DC75F00D0B15C /* FirebaseCore */; };
		D0CF02622D0DC75F00D0B15C /* FirebaseDatabase in Frameworks */ = {isa = PBXBuildFile; productRef = D0CF02612D0DC75F00D0B15C /* FirebaseDatabase */; };
		D0CF02642D0DC75F00D0B15C /* FirebaseFirestore in Frameworks */ = {isa = PBXBuildFile; productRef = D0CF02632D0DC75F00D0B15C /* FirebaseFirestore */; };
		D0CF02662D0DC75F00D0B15C /* FirebaseFunctions in Frameworks */ = {isa = PBXBuildFile; productRef = D0CF02652D0DC75F00D0B15C /* FirebaseFunctions */; };
		D0CF02682D0DC75F00D0B15C /* FirebaseStorage in Frameworks */ = {isa = PBXBuildFile; productRef = D0CF02672D0DC75F00D0B15C /* FirebaseStorage */; };
		D0CF026C2D0DCD0700D0B15C /* GoogleService-Info.plist in Resources */ = {isa = PBXBuildFile; fileRef = D0CF026B2D0DCD0700D0B15C /* GoogleService-Info.plist */; };
		D0CF026F2D0DCDC400D0B15C /* GoogleSignIn in Frameworks */ = {isa = PBXBuildFile; productRef = D0CF026E2D0DCDC400D0B15C /* GoogleSignIn */; };
		D0CF02712D0DCDC400D0B15C /* GoogleSignInSwift in Frameworks */ = {isa = PBXBuildFile; productRef = D0CF02702D0DCDC400D0B15C /* GoogleSignInSwift */; };
		D0CF02732D0DCFB700D0B15C /* AuthError.swift in Sources */ = {isa = PBXBuildFile; fileRef = D0CF02722D0DCFB700D0B15C /* AuthError.swift */; };
		D0CF02772D0E0D9000D0B15C /* AuthButton.swift in Sources */ = {isa = PBXBuildFile; fileRef = D0CF02762D0E0D9000D0B15C /* AuthButton.swift */; };
		D0CF02792D0E4B8600D0B15C /* ProfilePictureView.swift in Sources */ = {isa = PBXBuildFile; fileRef = D0CF02782D0E4B8600D0B15C /* ProfilePictureView.swift */; };
		D0CF027D2D0E531000D0B15C /* ViewModifiers.swift in Sources */ = {isa = PBXBuildFile; fileRef = D0CF027C2D0E531000D0B15C /* ViewModifiers.swift */; };
		D0CF02AC2D0F315900D0B15C /* ImagePickerView.swift in Sources */ = {isa = PBXBuildFile; fileRef = D0CF02AB2D0F315500D0B15C /* ImagePickerView.swift */; };
		D0CF02AE2D0F316300D0B15C /* ImageCropperView.swift in Sources */ = {isa = PBXBuildFile; fileRef = D0CF02AD2D0F316000D0B15C /* ImageCropperView.swift */; };
		D0CF02B12D0F31D700D0B15C /* ImagePickerModel.swift in Sources */ = {isa = PBXBuildFile; fileRef = D0CF02B02D0F31D300D0B15C /* ImagePickerModel.swift */; };
		D0F5F1E62D32B45C000D6611 /* ColorGenerator.swift in Sources */ = {isa = PBXBuildFile; fileRef = D0F5F1E52D32B458000D6611 /* ColorGenerator.swift */; };
		D0F5F1E82D32B89D000D6611 /* ProfileInitialsView.swift in Sources */ = {isa = PBXBuildFile; fileRef = D0F5F1E72D32B89A000D6611 /* ProfileInitialsView.swift */; };
		D0F5F1EB2D32E270000D6611 /* ProfileImageManager.swift in Sources */ = {isa = PBXBuildFile; fileRef = D0F5F1EA2D32E26A000D6611 /* ProfileImageManager.swift */; };
		D0F5F2332D33351B000D6611 /* MapLibre in Frameworks */ = {isa = PBXBuildFile; productRef = D0F5F2322D33351B000D6611 /* MapLibre */; };
		D0F5F2362D333836000D6611 /* LocationManager.swift in Sources */ = {isa = PBXBuildFile; fileRef = D0F5F2352D333833000D6611 /* LocationManager.swift */; };
		D0F5F2392D33DFBF000D6611 /* MapViewModel.swift in Sources */ = {isa = PBXBuildFile; fileRef = D0F5F2382D33DFBB000D6611 /* MapViewModel.swift */; };
/* End PBXBuildFile section */

/* Begin PBXContainerItemProxy section */
		D0B593072C20E33A0026D977 /* PBXContainerItemProxy */ = {
			isa = PBXContainerItemProxy;
			containerPortal = D0B592EE2C20E3390026D977 /* Project object */;
			proxyType = 1;
			remoteGlobalIDString = D0B592F52C20E3390026D977;
			remoteInfo = CycleMate;
		};
		D0B593112C20E33A0026D977 /* PBXContainerItemProxy */ = {
			isa = PBXContainerItemProxy;
			containerPortal = D0B592EE2C20E3390026D977 /* Project object */;
			proxyType = 1;
			remoteGlobalIDString = D0B592F52C20E3390026D977;
			remoteInfo = CycleMate;
		};
/* End PBXContainerItemProxy section */

/* Begin PBXFileReference section */
		1EE3C6672D980A2800BD255A /* LocationSearchView.swift */ = {isa = PBXFileReference; lastKnownFileType = sourcecode.swift; path = LocationSearchView.swift; sourceTree = "<group>"; };
		D0059B232D282E0800B3D100 /* CustomTabBar.swift */ = {isa = PBXFileReference; lastKnownFileType = sourcecode.swift; path = CustomTabBar.swift; sourceTree = "<group>"; };
		D0059B2B2D282ED400B3D100 /* MapView.swift */ = {isa = PBXFileReference; lastKnownFileType = sourcecode.swift; path = MapView.swift; sourceTree = "<group>"; };
		D0059B2F2D282EFF00B3D100 /* CalendarView.swift */ = {isa = PBXFileReference; lastKnownFileType = sourcecode.swift; path = CalendarView.swift; sourceTree = "<group>"; };
		D0059B332D282F9500B3D100 /* MainTabView.swift */ = {isa = PBXFileReference; lastKnownFileType = sourcecode.swift; path = MainTabView.swift; sourceTree = "<group>"; };
		D0059B372D28535400B3D100 /* User.swift */ = {isa = PBXFileReference; lastKnownFileType = sourcecode.swift; path = User.swift; sourceTree = "<group>"; };
		D0059B392D2B4C2B00B3D100 /* EmailSignUpView.swift */ = {isa = PBXFileReference; lastKnownFileType = sourcecode.swift; path = EmailSignUpView.swift; sourceTree = "<group>"; };
		D01D2CE92DAD810700180416 /* AuthenticationProtocol.swift */ = {isa = PBXFileReference; lastKnownFileType = sourcecode.swift; path = AuthenticationProtocol.swift; sourceTree = "<group>"; };
		D01D2CED2DAD814000180416 /* SocialAuthenticationProtocol.swift */ = {isa = PBXFileReference; lastKnownFileType = sourcecode.swift; path = SocialAuthenticationProtocol.swift; sourceTree = "<group>"; };
		D01D2CEF2DAD815700180416 /* UserStorageProtocol.swift */ = {isa = PBXFileReference; lastKnownFileType = sourcecode.swift; path = UserStorageProtocol.swift; sourceTree = "<group>"; };
		D01D2CF12DAD818D00180416 /* UserStorage.swift */ = {isa = PBXFileReference; lastKnownFileType = sourcecode.swift; path = UserStorage.swift; sourceTree = "<group>"; };
		D01E46F62DAB227A007A55CC /* CycleMate.entitlements */ = {isa = PBXFileReference; lastKnownFileType = text.plist.entitlements; path = CycleMate.entitlements; sourceTree = "<group>"; };
		D01E646C2D907078005EDCDB /* SpeedometerView.swift */ = {isa = PBXFileReference; lastKnownFileType = sourcecode.swift; path = SpeedometerView.swift; sourceTree = "<group>"; };
		D039C6F22CF4BB83000F6ACE /* FirstLaunchView.swift */ = {isa = PBXFileReference; lastKnownFileType = sourcecode.swift; path = FirstLaunchView.swift; sourceTree = "<group>"; };
		D06BC1C72D2C3DD100E504C8 /* PasswordResetView.swift */ = {isa = PBXFileReference; lastKnownFileType = sourcecode.swift; path = PasswordResetView.swift; sourceTree = "<group>"; };
		D06BC1C92D2C3E5C00E504C8 /* EmailLoginView.swift */ = {isa = PBXFileReference; lastKnownFileType = sourcecode.swift; path = EmailLoginView.swift; sourceTree = "<group>"; };
		D0750AC62DB45C200025FB4A /* MockAuthenticationService.swift */ = {isa = PBXFileReference; lastKnownFileType = sourcecode.swift; path = MockAuthenticationService.swift; sourceTree = "<group>"; };
		D08908422D9ABB8000784DD6 /* MapPreviewComponent.swift */ = {isa = PBXFileReference; lastKnownFileType = sourcecode.swift; path = MapPreviewComponent.swift; sourceTree = "<group>"; };
		D08908452D9ABB8000784DD6 /* BikesComponent.swift */ = {isa = PBXFileReference; lastKnownFileType = sourcecode.swift; path = BikesComponent.swift; sourceTree = "<group>"; };
		D08908462D9ABB8000784DD6 /* MonthlyChartComponent.swift */ = {isa = PBXFileReference; lastKnownFileType = sourcecode.swift; path = MonthlyChartComponent.swift; sourceTree = "<group>"; };
		D08908472D9ABB8000784DD6 /* StatsComponent.swift */ = {isa = PBXFileReference; lastKnownFileType = sourcecode.swift; path = StatsComponent.swift; sourceTree = "<group>"; };
		D08908492D9ABB8000784DD6 /* RouteCardView.swift */ = {isa = PBXFileReference; lastKnownFileType = sourcecode.swift; path = RouteCardView.swift; sourceTree = "<group>"; };
		D089084A2D9ABB8000784DD6 /* SavedRoutesView.swift */ = {isa = PBXFileReference; lastKnownFileType = sourcecode.swift; path = SavedRoutesView.swift; sourceTree = "<group>"; };
		D089084C2D9ABB8000784DD6 /* ActivitySummaryView.swift */ = {isa = PBXFileReference; lastKnownFileType = sourcecode.swift; path = ActivitySummaryView.swift; sourceTree = "<group>"; };
		D089084D2D9ABB8000784DD6 /* MembershipCardCView.swift */ = {isa = PBXFileReference; lastKnownFileType = sourcecode.swift; path = MembershipCardCView.swift; sourceTree = "<group>"; };
		D08908502D9ABB8000784DD6 /* StatisticCardView.swift */ = {isa = PBXFileReference; lastKnownFileType = sourcecode.swift; path = StatisticCardView.swift; sourceTree = "<group>"; };
		D08908522D9ABB8000784DD6 /* ProfileHeaderView.swift */ = {isa = PBXFileReference; lastKnownFileType = sourcecode.swift; path = ProfileHeaderView.swift; sourceTree = "<group>"; };
		D08908532D9ABB8000784DD6 /* StatsGridView.swift */ = {isa = PBXFileReference; lastKnownFileType = sourcecode.swift; path = StatsGridView.swift; sourceTree = "<group>"; };
		D08908552D9ABB8000784DD6 /* CounterAnimation.swift */ = {isa = PBXFileReference; lastKnownFileType = sourcecode.swift; path = CounterAnimation.swift; sourceTree = "<group>"; };
		D08908582D9ABB8000784DD6 /* ProfileView.swift */ = {isa = PBXFileReference; lastKnownFileType = sourcecode.swift; path = ProfileView.swift; sourceTree = "<group>"; };
		D089085B2D9ABB8000784DD6 /* HomeView.swift */ = {isa = PBXFileReference; lastKnownFileType = sourcecode.swift; path = HomeView.swift; sourceTree = "<group>"; };
		D089086E2D9ABC2500784DD6 /* ProfileImageView.swift */ = {isa = PBXFileReference; lastKnownFileType = sourcecode.swift; path = ProfileImageView.swift; sourceTree = "<group>"; };
		D0B592F62C20E3390026D977 /* CycleMate.app */ = {isa = PBXFileReference; explicitFileType = wrapper.application; includeInIndex = 0; path = CycleMate.app; sourceTree = BUILT_PRODUCTS_DIR; };
		D0B592F92C20E3390026D977 /* CycleMateApp.swift */ = {isa = PBXFileReference; lastKnownFileType = sourcecode.swift; path = CycleMateApp.swift; sourceTree = "<group>"; };
		D0B592FB2C20E3390026D977 /* ContentView.swift */ = {isa = PBXFileReference; lastKnownFileType = sourcecode.swift; path = ContentView.swift; sourceTree = "<group>"; };
		D0B592FD2C20E33A0026D977 /* Assets.xcassets */ = {isa = PBXFileReference; lastKnownFileType = folder.assetcatalog; path = Assets.xcassets; sourceTree = "<group>"; };
		D0B593002C20E33A0026D977 /* Preview Assets.xcassets */ = {isa = PBXFileReference; lastKnownFileType = folder.assetcatalog; path = "Preview Assets.xcassets"; sourceTree = "<group>"; };
		D0B593062C20E33A0026D977 /* CycleMateTests.xctest */ = {isa = PBXFileReference; explicitFileType = wrapper.cfbundle; includeInIndex = 0; path = CycleMateTests.xctest; sourceTree = BUILT_PRODUCTS_DIR; };
		D0B5930A2C20E33A0026D977 /* CycleMateTests.swift */ = {isa = PBXFileReference; lastKnownFileType = sourcecode.swift; path = CycleMateTests.swift; sourceTree = "<group>"; };
		D0B593102C20E33A0026D977 /* CycleMateUITests.xctest */ = {isa = PBXFileReference; explicitFileType = wrapper.cfbundle; includeInIndex = 0; path = CycleMateUITests.xctest; sourceTree = BUILT_PRODUCTS_DIR; };
		D0B593142C20E33A0026D977 /* CycleMateUITests.swift */ = {isa = PBXFileReference; lastKnownFileType = sourcecode.swift; path = CycleMateUITests.swift; sourceTree = "<group>"; };
		D0B593162C20E33A0026D977 /* CycleMateUITestsLaunchTests.swift */ = {isa = PBXFileReference; lastKnownFileType = sourcecode.swift; path = CycleMateUITestsLaunchTests.swift; sourceTree = "<group>"; };
		D0B593292C20E4400026D977 /* SplashScreenView.swift */ = {isa = PBXFileReference; lastKnownFileType = sourcecode.swift; path = SplashScreenView.swift; sourceTree = "<group>"; };
		D0C145AC2DAA94BC00674038 /* AuthenticationService.swift */ = {isa = PBXFileReference; lastKnownFileType = sourcecode.swift; path = AuthenticationService.swift; sourceTree = "<group>"; };
		D0C145AE2DAA94F500674038 /* APIService.swift */ = {isa = PBXFileReference; lastKnownFileType = sourcecode.swift; path = APIService.swift; sourceTree = "<group>"; };
		D0C145B02DAAA20A00674038 /* AuthResponse.swift */ = {isa = PBXFileReference; lastKnownFileType = sourcecode.swift; path = AuthResponse.swift; sourceTree = "<group>"; };
		D0C145B22DAAD4A900674038 /* AuthProfileService.swift */ = {isa = PBXFileReference; lastKnownFileType = sourcecode.swift; path = AuthProfileService.swift; sourceTree = "<group>"; };
		D0C145B42DAAD50400674038 /* GoogleAuthService.swift */ = {isa = PBXFileReference; lastKnownFileType = sourcecode.swift; path = GoogleAuthService.swift; sourceTree = "<group>"; };
		D0C4CBE32D0DBC070047EAA9 /* AuthUser.swift */ = {isa = PBXFileReference; lastKnownFileType = sourcecode.swift; path = AuthUser.swift; sourceTree = "<group>"; };
		D0C4CBE62D0DBC780047EAA9 /* AuthenticationManager.swift */ = {isa = PBXFileReference; lastKnownFileType = sourcecode.swift; path = AuthenticationManager.swift; sourceTree = "<group>"; };
		D0C4CBE82D0DBCF00047EAA9 /* AuthViewModel.swift */ = {isa = PBXFileReference; lastKnownFileType = sourcecode.swift; path = AuthViewModel.swift; sourceTree = "<group>"; };
		D0C4CBEC2D0DC06B0047EAA9 /* AuthenticationView.swift */ = {isa = PBXFileReference; lastKnownFileType = sourcecode.swift; path = AuthenticationView.swift; sourceTree = "<group>"; };
		D0C4CBF02D0DC0CB0047EAA9 /* UserDataFormView.swift */ = {isa = PBXFileReference; lastKnownFileType = sourcecode.swift; path = UserDataFormView.swift; sourceTree = "<group>"; };
		D0CBC0982D0A4E80007513ED /* PageIndicator.swift */ = {isa = PBXFileReference; lastKnownFileType = sourcecode.swift; path = PageIndicator.swift; sourceTree = "<group>"; };
		D0CBC09D2D0A4F6C007513ED /* FirstLaunchViewModel.swift */ = {isa = PBXFileReference; lastKnownFileType = sourcecode.swift; path = FirstLaunchViewModel.swift; sourceTree = "<group>"; };
		D0CBC0A22D0A5058007513ED /* OnboardingSlide.swift */ = {isa = PBXFileReference; lastKnownFileType = sourcecode.swift; path = OnboardingSlide.swift; sourceTree = "<group>"; };
		D0CF026B2D0DCD0700D0B15C /* GoogleService-Info.plist */ = {isa = PBXFileReference; lastKnownFileType = text.plist.xml; path = "GoogleService-Info.plist"; sourceTree = "<group>"; };
		D0CF02722D0DCFB700D0B15C /* AuthError.swift */ = {isa = PBXFileReference; lastKnownFileType = sourcecode.swift; path = AuthError.swift; sourceTree = "<group>"; };
		D0CF02742D0DD67D00D0B15C /* Info.plist */ = {isa = PBXFileReference; lastKnownFileType = text.plist; path = Info.plist; sourceTree = "<group>"; };
		D0CF02762D0E0D9000D0B15C /* AuthButton.swift */ = {isa = PBXFileReference; lastKnownFileType = sourcecode.swift; path = AuthButton.swift; sourceTree = "<group>"; };
		D0CF02782D0E4B8600D0B15C /* ProfilePictureView.swift */ = {isa = PBXFileReference; lastKnownFileType = sourcecode.swift; path = ProfilePictureView.swift; sourceTree = "<group>"; };
		D0CF027C2D0E531000D0B15C /* ViewModifiers.swift */ = {isa = PBXFileReference; lastKnownFileType = sourcecode.swift; path = ViewModifiers.swift; sourceTree = "<group>"; };
		D0CF02AB2D0F315500D0B15C /* ImagePickerView.swift */ = {isa = PBXFileReference; lastKnownFileType = sourcecode.swift; path = ImagePickerView.swift; sourceTree = "<group>"; };
		D0CF02AD2D0F316000D0B15C /* ImageCropperView.swift */ = {isa = PBXFileReference; lastKnownFileType = sourcecode.swift; path = ImageCropperView.swift; sourceTree = "<group>"; };
		D0CF02B02D0F31D300D0B15C /* ImagePickerModel.swift */ = {isa = PBXFileReference; lastKnownFileType = sourcecode.swift; path = ImagePickerModel.swift; sourceTree = "<group>"; };
		D0F5F1E52D32B458000D6611 /* ColorGenerator.swift */ = {isa = PBXFileReference; lastKnownFileType = sourcecode.swift; path = ColorGenerator.swift; sourceTree = "<group>"; };
		D0F5F1E72D32B89A000D6611 /* ProfileInitialsView.swift */ = {isa = PBXFileReference; lastKnownFileType = sourcecode.swift; path = ProfileInitialsView.swift; sourceTree = "<group>"; };
		D0F5F1EA2D32E26A000D6611 /* ProfileImageManager.swift */ = {isa = PBXFileReference; lastKnownFileType = sourcecode.swift; path = ProfileImageManager.swift; sourceTree = "<group>"; };
		D0F5F2352D333833000D6611 /* LocationManager.swift */ = {isa = PBXFileReference; lastKnownFileType = sourcecode.swift; path = LocationManager.swift; sourceTree = "<group>"; };
		D0F5F2382D33DFBB000D6611 /* MapViewModel.swift */ = {isa = PBXFileReference; lastKnownFileType = sourcecode.swift; path = MapViewModel.swift; sourceTree = "<group>"; };
/* End PBXFileReference section */

/* Begin PBXFrameworksBuildPhase section */
		D0B592F32C20E3390026D977 /* Frameworks */ = {
			isa = PBXFrameworksBuildPhase;
			buildActionMask = 2147483647;
			files = (
				D0CBC0AE2D0B9FA9007513ED /* FirebaseAnalytics in Frameworks */,
				D0CF026F2D0DCDC400D0B15C /* GoogleSignIn in Frameworks */,
				D0CF02662D0DC75F00D0B15C /* FirebaseFunctions in Frameworks */,
				D0CF02642D0DC75F00D0B15C /* FirebaseFirestore in Frameworks */,
				D0CF025E2D0DC75F00D0B15C /* FirebaseAuth in Frameworks */,
				D0CF02602D0DC75F00D0B15C /* FirebaseCore in Frameworks */,
				D0CBC0B22D0B9FA9007513ED /* FirebaseCore in Frameworks */,
				D0CBC0B42D0B9FA9007513ED /* FirebaseDatabase in Frameworks */,
				D0CBC0B82D0B9FA9007513ED /* FirebaseFunctions in Frameworks */,
				D0CF02712D0DCDC400D0B15C /* GoogleSignInSwift in Frameworks */,
				D0CF02682D0DC75F00D0B15C /* FirebaseStorage in Frameworks */,
				D0CF02622D0DC75F00D0B15C /* FirebaseDatabase in Frameworks */,
				D0CBC0BA2D0B9FA9007513ED /* FirebaseStorage in Frameworks */,
				D0CBC0B62D0B9FA9007513ED /* FirebaseFirestore in Frameworks */,
				D0CBC0B02D0B9FA9007513ED /* FirebaseAuth in Frameworks */,
				D0C4CBF32D0DC6770047EAA9 /* FirebaseAuth in Frameworks */,
				D0F5F2332D33351B000D6611 /* MapLibre in Frameworks */,
				D0CF025C2D0DC75F00D0B15C /* FirebaseAnalytics in Frameworks */,
			);
			runOnlyForDeploymentPostprocessing = 0;
		};
		D0B593032C20E33A0026D977 /* Frameworks */ = {
			isa = PBXFrameworksBuildPhase;
			buildActionMask = 2147483647;
			files = (
			);
			runOnlyForDeploymentPostprocessing = 0;
		};
		D0B5930D2C20E33A0026D977 /* Frameworks */ = {
			isa = PBXFrameworksBuildPhase;
			buildActionMask = 2147483647;
			files = (
			);
			runOnlyForDeploymentPostprocessing = 0;
		};
/* End PBXFrameworksBuildPhase section */

/* Begin PBXGroup section */
		D0059B222D282E0100B3D100 /* Navigation */ = {
			isa = PBXGroup;
			children = (
				D0059B332D282F9500B3D100 /* MainTabView.swift */,
				D0059B232D282E0800B3D100 /* CustomTabBar.swift */,
			);
			path = Navigation;
			sourceTree = "<group>";
		};
		D0059B252D282E9D00B3D100 /* Home */ = {
			isa = PBXGroup;
			children = (
				D08908482D9ABB8000784DD6 /* Components */,
				D089085C2D9ABB8000784DD6 /* Views */,
			);
			path = Home;
			sourceTree = "<group>";
		};
		D0059B292D282EBC00B3D100 /* Map */ = {
			isa = PBXGroup;
			children = (
				D0F5F2372D33DFAD000D6611 /* ViewModels */,
				D0F5F2342D333827000D6611 /* Services */,
				D0059B2A2D282EC700B3D100 /* View */,
			);
			path = Map;
			sourceTree = "<group>";
		};
		D0059B2A2D282EC700B3D100 /* View */ = {
			isa = PBXGroup;
			children = (
				D01E646C2D907078005EDCDB /* SpeedometerView.swift */,
				D0059B2B2D282ED400B3D100 /* MapView.swift */,
				1EE3C6672D980A2800BD255A /* LocationSearchView.swift */,
			);
			path = View;
			sourceTree = "<group>";
		};
		D0059B2D2D282EF400B3D100 /* Calendar */ = {
			isa = PBXGroup;
			children = (
				D0059B2E2D282EF800B3D100 /* View */,
			);
			path = Calendar;
			sourceTree = "<group>";
		};
		D0059B2E2D282EF800B3D100 /* View */ = {
			isa = PBXGroup;
			children = (
				D0059B2F2D282EFF00B3D100 /* CalendarView.swift */,
			);
			path = View;
			sourceTree = "<group>";
		};
		D0059B3B2D2B56EC00B3D100 /* EmailAuth */ = {
			isa = PBXGroup;
			children = (
				D06BC1C92D2C3E5C00E504C8 /* EmailLoginView.swift */,
				D06BC1C72D2C3DD100E504C8 /* PasswordResetView.swift */,
				D0059B392D2B4C2B00B3D100 /* EmailSignUpView.swift */,
			);
			path = EmailAuth;
			sourceTree = "<group>";
		};
		D01D2CE82DAD80E000180416 /* Protocols */ = {
			isa = PBXGroup;
			children = (
				D01D2CEF2DAD815700180416 /* UserStorageProtocol.swift */,
				D01D2CED2DAD814000180416 /* SocialAuthenticationProtocol.swift */,
				D01D2CE92DAD810700180416 /* AuthenticationProtocol.swift */,
			);
			path = Protocols;
			sourceTree = "<group>";
		};
		D08908432D9ABB8000784DD6 /* Views */ = {
			isa = PBXGroup;
			children = (
				D08908422D9ABB8000784DD6 /* MapPreviewComponent.swift */,
			);
			path = Views;
			sourceTree = "<group>";
		};
		D08908442D9ABB8000784DD6 /* MapPreviewComponent */ = {
			isa = PBXGroup;
			children = (
				D08908432D9ABB8000784DD6 /* Views */,
			);
			path = MapPreviewComponent;
			sourceTree = "<group>";
		};
		D08908482D9ABB8000784DD6 /* Components */ = {
			isa = PBXGroup;
			children = (
				D08908442D9ABB8000784DD6 /* MapPreviewComponent */,
				D08908452D9ABB8000784DD6 /* BikesComponent.swift */,
				D08908462D9ABB8000784DD6 /* MonthlyChartComponent.swift */,
				D08908472D9ABB8000784DD6 /* StatsComponent.swift */,
			);
			path = Components;
			sourceTree = "<group>";
		};
		D089084B2D9ABB8000784DD6 /* SavedRoutes */ = {
			isa = PBXGroup;
			children = (
				D08908492D9ABB8000784DD6 /* RouteCardView.swift */,
				D089084A2D9ABB8000784DD6 /* SavedRoutesView.swift */,
			);
			path = SavedRoutes;
			sourceTree = "<group>";
		};
		D08908512D9ABB8000784DD6 /* Widgets */ = {
			isa = PBXGroup;
			children = (
				D089084B2D9ABB8000784DD6 /* SavedRoutes */,
				D089084C2D9ABB8000784DD6 /* ActivitySummaryView.swift */,
				D089084D2D9ABB8000784DD6 /* MembershipCardCView.swift */,
				D08908502D9ABB8000784DD6 /* StatisticCardView.swift */,
			);
			path = Widgets;
			sourceTree = "<group>";
		};
		D08908542D9ABB8000784DD6 /* Components */ = {
			isa = PBXGroup;
			children = (
				D08908512D9ABB8000784DD6 /* Widgets */,
				D08908522D9ABB8000784DD6 /* ProfileHeaderView.swift */,
				D08908532D9ABB8000784DD6 /* StatsGridView.swift */,
			);
			path = Components;
			sourceTree = "<group>";
		};
		D08908562D9ABB8000784DD6 /* Helpers */ = {
			isa = PBXGroup;
			children = (
				D08908552D9ABB8000784DD6 /* CounterAnimation.swift */,
			);
			path = Helpers;
			sourceTree = "<group>";
		};
		D08908592D9ABB8000784DD6 /* Views */ = {
			isa = PBXGroup;
			children = (
				D08908582D9ABB8000784DD6 /* ProfileView.swift */,
			);
			path = Views;
			sourceTree = "<group>";
		};
		D089085A2D9ABB8000784DD6 /* Profile */ = {
			isa = PBXGroup;
			children = (
				D08908542D9ABB8000784DD6 /* Components */,
				D08908562D9ABB8000784DD6 /* Helpers */,
				D08908592D9ABB8000784DD6 /* Views */,
			);
			path = Profile;
			sourceTree = "<group>";
		};
		D089085C2D9ABB8000784DD6 /* Views */ = {
			isa = PBXGroup;
			children = (
				D089085B2D9ABB8000784DD6 /* HomeView.swift */,
			);
			path = Views;
			sourceTree = "<group>";
		};
		D0B592ED2C20E3390026D977 = {
			isa = PBXGroup;
			children = (
				D0B592F82C20E3390026D977 /* CycleMate */,
				D0B593092C20E33A0026D977 /* CycleMateTests */,
				D0B593132C20E33A0026D977 /* CycleMateUITests */,
				D0B592F72C20E3390026D977 /* Products */,
			);
			sourceTree = "<group>";
		};
		D0B592F72C20E3390026D977 /* Products */ = {
			isa = PBXGroup;
			children = (
				D0B592F62C20E3390026D977 /* CycleMate.app */,
				D0B593062C20E33A0026D977 /* CycleMateTests.xctest */,
				D0B593102C20E33A0026D977 /* CycleMateUITests.xctest */,
			);
			name = Products;
			sourceTree = "<group>";
		};
		D0B592F82C20E3390026D977 /* CycleMate */ = {
			isa = PBXGroup;
			children = (
				D01E46F62DAB227A007A55CC /* CycleMate.entitlements */,
				D0CF027B2D0E52F600D0B15C /* Extensions */,
				D0CF02742D0DD67D00D0B15C /* Info.plist */,
				D0CBC0BC2D0BA082007513ED /* Services */,
				D0B593262C20E3B00026D977 /* Model */,
				D0B593252C20E3AA0026D977 /* Core */,
				D0B593242C20E39F0026D977 /* Components */,
				D0B593232C20E3960026D977 /* App */,
				D0B592FD2C20E33A0026D977 /* Assets.xcassets */,
				D0B592FF2C20E33A0026D977 /* Preview Content */,
				D0CF026B2D0DCD0700D0B15C /* GoogleService-Info.plist */,
			);
			path = CycleMate;
			sourceTree = "<group>";
		};
		D0B592FF2C20E33A0026D977 /* Preview Content */ = {
			isa = PBXGroup;
			children = (
				D0B593002C20E33A0026D977 /* Preview Assets.xcassets */,
			);
			path = "Preview Content";
			sourceTree = "<group>";
		};
		D0B593092C20E33A0026D977 /* CycleMateTests */ = {
			isa = PBXGroup;
			children = (
				D0B5930A2C20E33A0026D977 /* CycleMateTests.swift */,
			);
			path = CycleMateTests;
			sourceTree = "<group>";
		};
		D0B593132C20E33A0026D977 /* CycleMateUITests */ = {
			isa = PBXGroup;
			children = (
				D0B593142C20E33A0026D977 /* CycleMateUITests.swift */,
				D0B593162C20E33A0026D977 /* CycleMateUITestsLaunchTests.swift */,
			);
			path = CycleMateUITests;
			sourceTree = "<group>";
		};
		D0B593232C20E3960026D977 /* App */ = {
			isa = PBXGroup;
			children = (
				D0B592F92C20E3390026D977 /* CycleMateApp.swift */,
			);
			path = App;
			sourceTree = "<group>";
		};
		D0B593242C20E39F0026D977 /* Components */ = {
			isa = PBXGroup;
			children = (
				D0CF02752D0E0D7E00D0B15C /* Auth */,
				D089086E2D9ABC2500784DD6 /* ProfileImageView.swift */,
			);
			path = Components;
			sourceTree = "<group>";
		};
		D0B593252C20E3AA0026D977 /* Core */ = {
			isa = PBXGroup;
			children = (
				D0059B2D2D282EF400B3D100 /* Calendar */,
				D0059B292D282EBC00B3D100 /* Map */,
				D0059B252D282E9D00B3D100 /* Home */,
				D0059B222D282E0100B3D100 /* Navigation */,
				D0C4CBDF2D0DBBB60047EAA9 /* Auth */,
				D0B593282C20E4120026D977 /* Startup */,
				D0B593272C20E3CE0026D977 /* Root */,
				D089085A2D9ABB8000784DD6 /* Profile */,
			);
			path = Core;
			sourceTree = "<group>";
		};
		D0B593262C20E3B00026D977 /* Model */ = {
			isa = PBXGroup;
			children = (
				D0059B372D28535400B3D100 /* User.swift */,
				D0CF02AF2D0F31C400D0B15C /* PickerModel */,
				D0C4CBE22D0DBBE20047EAA9 /* AuthModel */,
				D0CBC09A2D0A4E92007513ED /* WelcomeModel */,
			);
			path = Model;
			sourceTree = "<group>";
		};
		D0B593272C20E3CE0026D977 /* Root */ = {
			isa = PBXGroup;
			children = (
				D0B592FB2C20E3390026D977 /* ContentView.swift */,
			);
			path = Root;
			sourceTree = "<group>";
		};
		D0B593282C20E4120026D977 /* Startup */ = {
			isa = PBXGroup;
			children = (
				D0CBC0972D0A4E0B007513ED /* WelcomeView */,
				D0B593292C20E4400026D977 /* SplashScreenView.swift */,
			);
			path = Startup;
			sourceTree = "<group>";
		};
		D0C145A82DAA944D00674038 /* Services */ = {
			isa = PBXGroup;
			children = (
				D0750AC62DB45C200025FB4A /* MockAuthenticationService.swift */,
				D01D2CF12DAD818D00180416 /* UserStorage.swift */,
				D0C145B42DAAD50400674038 /* GoogleAuthService.swift */,
				D0C145B22DAAD4A900674038 /* AuthProfileService.swift */,
				D0C145AE2DAA94F500674038 /* APIService.swift */,
				D0C145AC2DAA94BC00674038 /* AuthenticationService.swift */,
			);
			path = Services;
			sourceTree = "<group>";
		};
		D0C4CBDF2D0DBBB60047EAA9 /* Auth */ = {
			isa = PBXGroup;
			children = (
				D01D2CE82DAD80E000180416 /* Protocols */,
				D0C145A82DAA944D00674038 /* Services */,
				D0F5F1E42D32B433000D6611 /* Utils */,
				D0C4CBE12D0DBBC80047EAA9 /* ViewModel */,
				D0C4CBE02D0DBBBF0047EAA9 /* Views */,
			);
			path = Auth;
			sourceTree = "<group>";
		};
		D0C4CBE02D0DBBBF0047EAA9 /* Views */ = {
			isa = PBXGroup;
			children = (
				D0059B3B2D2B56EC00B3D100 /* EmailAuth */,
				D0CF02AA2D0F314600D0B15C /* Components */,
				D0C4CBEC2D0DC06B0047EAA9 /* AuthenticationView.swift */,
				D0C4CBF02D0DC0CB0047EAA9 /* UserDataFormView.swift */,
				D0CF02782D0E4B8600D0B15C /* ProfilePictureView.swift */,
			);
			path = Views;
			sourceTree = "<group>";
		};
		D0C4CBE12D0DBBC80047EAA9 /* ViewModel */ = {
			isa = PBXGroup;
			children = (
				D0C4CBE82D0DBCF00047EAA9 /* AuthViewModel.swift */,
			);
			path = ViewModel;
			sourceTree = "<group>";
		};
		D0C4CBE22D0DBBE20047EAA9 /* AuthModel */ = {
			isa = PBXGroup;
			children = (
				D0C145B02DAAA20A00674038 /* AuthResponse.swift */,
				D0C4CBE32D0DBC070047EAA9 /* AuthUser.swift */,
			);
			path = AuthModel;
			sourceTree = "<group>";
		};
		D0C4CBE52D0DBC520047EAA9 /* Auth */ = {
			isa = PBXGroup;
			children = (
				D0C4CBE62D0DBC780047EAA9 /* AuthenticationManager.swift */,
				D0CF02722D0DCFB700D0B15C /* AuthError.swift */,
			);
			path = Auth;
			sourceTree = "<group>";
		};
		D0CBC0972D0A4E0B007513ED /* WelcomeView */ = {
			isa = PBXGroup;
			children = (
				D039C6F22CF4BB83000F6ACE /* FirstLaunchView.swift */,
				D0CBC0982D0A4E80007513ED /* PageIndicator.swift */,
			);
			path = WelcomeView;
			sourceTree = "<group>";
		};
		D0CBC09A2D0A4E92007513ED /* WelcomeModel */ = {
			isa = PBXGroup;
			children = (
				D0CBC09D2D0A4F6C007513ED /* FirstLaunchViewModel.swift */,
				D0CBC0A22D0A5058007513ED /* OnboardingSlide.swift */,
			);
			path = WelcomeModel;
			sourceTree = "<group>";
		};
		D0CBC0BC2D0BA082007513ED /* Services */ = {
			isa = PBXGroup;
			children = (
				D0F5F1E92D32E264000D6611 /* ProfileImage */,
				D0C4CBE52D0DBC520047EAA9 /* Auth */,
			);
			path = Services;
			sourceTree = "<group>";
		};
		D0CF02752D0E0D7E00D0B15C /* Auth */ = {
			isa = PBXGroup;
			children = (
				D0CF02762D0E0D9000D0B15C /* AuthButton.swift */,
			);
			path = Auth;
			sourceTree = "<group>";
		};
		D0CF027B2D0E52F600D0B15C /* Extensions */ = {
			isa = PBXGroup;
			children = (
				D0CF027C2D0E531000D0B15C /* ViewModifiers.swift */,
			);
			path = Extensions;
			sourceTree = "<group>";
		};
		D0CF02AA2D0F314600D0B15C /* Components */ = {
			isa = PBXGroup;
			children = (
				D0F5F1E72D32B89A000D6611 /* ProfileInitialsView.swift */,
				D0CF02AD2D0F316000D0B15C /* ImageCropperView.swift */,
				D0CF02AB2D0F315500D0B15C /* ImagePickerView.swift */,
			);
			path = Components;
			sourceTree = "<group>";
		};
		D0CF02AF2D0F31C400D0B15C /* PickerModel */ = {
			isa = PBXGroup;
			children = (
				D0CF02B02D0F31D300D0B15C /* ImagePickerModel.swift */,
			);
			path = PickerModel;
			sourceTree = "<group>";
		};
		D0F5F1E42D32B433000D6611 /* Utils */ = {
			isa = PBXGroup;
			children = (
				D0F5F1E52D32B458000D6611 /* ColorGenerator.swift */,
			);
			path = Utils;
			sourceTree = "<group>";
		};
		D0F5F1E92D32E264000D6611 /* ProfileImage */ = {
			isa = PBXGroup;
			children = (
				D0F5F1EA2D32E26A000D6611 /* ProfileImageManager.swift */,
			);
			path = ProfileImage;
			sourceTree = "<group>";
		};
		D0F5F2342D333827000D6611 /* Services */ = {
			isa = PBXGroup;
			children = (
				D0F5F2352D333833000D6611 /* LocationManager.swift */,
			);
			path = Services;
			sourceTree = "<group>";
		};
		D0F5F2372D33DFAD000D6611 /* ViewModels */ = {
			isa = PBXGroup;
			children = (
				D0F5F2382D33DFBB000D6611 /* MapViewModel.swift */,
			);
			path = ViewModels;
			sourceTree = "<group>";
		};
/* End PBXGroup section */

/* Begin PBXNativeTarget section */
		D0B592F52C20E3390026D977 /* CycleMate */ = {
			isa = PBXNativeTarget;
			buildConfigurationList = D0B5931A2C20E33A0026D977 /* Build configuration list for PBXNativeTarget "CycleMate" */;
			buildPhases = (
				D0B592F22C20E3390026D977 /* Sources */,
				D0B592F32C20E3390026D977 /* Frameworks */,
				D0B592F42C20E3390026D977 /* Resources */,
			);
			buildRules = (
			);
			dependencies = (
			);
			name = CycleMate;
			productName = CycleMate;
			productReference = D0B592F62C20E3390026D977 /* CycleMate.app */;
			productType = "com.apple.product-type.application";
		};
		D0B593052C20E33A0026D977 /* CycleMateTests */ = {
			isa = PBXNativeTarget;
			buildConfigurationList = D0B5931D2C20E33A0026D977 /* Build configuration list for PBXNativeTarget "CycleMateTests" */;
			buildPhases = (
				D0B593022C20E33A0026D977 /* Sources */,
				D0B593032C20E33A0026D977 /* Frameworks */,
				D0B593042C20E33A0026D977 /* Resources */,
			);
			buildRules = (
			);
			dependencies = (
				D0B593082C20E33A0026D977 /* PBXTargetDependency */,
			);
			name = CycleMateTests;
			productName = CycleMateTests;
			productReference = D0B593062C20E33A0026D977 /* CycleMateTests.xctest */;
			productType = "com.apple.product-type.bundle.unit-test";
		};
		D0B5930F2C20E33A0026D977 /* CycleMateUITests */ = {
			isa = PBXNativeTarget;
			buildConfigurationList = D0B593202C20E33A0026D977 /* Build configuration list for PBXNativeTarget "CycleMateUITests" */;
			buildPhases = (
				D0B5930C2C20E33A0026D977 /* Sources */,
				D0B5930D2C20E33A0026D977 /* Frameworks */,
				D0B5930E2C20E33A0026D977 /* Resources */,
			);
			buildRules = (
			);
			dependencies = (
				D0B593122C20E33A0026D977 /* PBXTargetDependency */,
			);
			name = CycleMateUITests;
			productName = CycleMateUITests;
			productReference = D0B593102C20E33A0026D977 /* CycleMateUITests.xctest */;
			productType = "com.apple.product-type.bundle.ui-testing";
		};
/* End PBXNativeTarget section */

/* Begin PBXProject section */
		D0B592EE2C20E3390026D977 /* Project object */ = {
			isa = PBXProject;
			attributes = {
				BuildIndependentTargetsInParallel = 1;
				LastSwiftUpdateCheck = 1600;
				LastUpgradeCheck = 1600;
				TargetAttributes = {
					D0B592F52C20E3390026D977 = {
						CreatedOnToolsVersion = 16.0;
					};
					D0B593052C20E33A0026D977 = {
						CreatedOnToolsVersion = 16.0;
						TestTargetID = D0B592F52C20E3390026D977;
					};
					D0B5930F2C20E33A0026D977 = {
						CreatedOnToolsVersion = 16.0;
						TestTargetID = D0B592F52C20E3390026D977;
					};
				};
			};
			buildConfigurationList = D0B592F12C20E3390026D977 /* Build configuration list for PBXProject "CycleMate" */;
			compatibilityVersion = "Xcode 15.0";
			developmentRegion = en;
			hasScannedForEncodings = 0;
			knownRegions = (
				en,
				Base,
			);
			mainGroup = D0B592ED2C20E3390026D977;
			packageReferences = (
				D0CF025A2D0DC75F00D0B15C /* XCRemoteSwiftPackageReference "firebase-ios-sdk" */,
				D0CF026D2D0DCDC400D0B15C /* XCRemoteSwiftPackageReference "GoogleSignIn-iOS" */,
				D0F5F2312D33351B000D6611 /* XCRemoteSwiftPackageReference "maplibre-gl-native-distribution" */,
			);
			productRefGroup = D0B592F72C20E3390026D977 /* Products */;
			projectDirPath = "";
			projectRoot = "";
			targets = (
				D0B592F52C20E3390026D977 /* CycleMate */,
				D0B593052C20E33A0026D977 /* CycleMateTests */,
				D0B5930F2C20E33A0026D977 /* CycleMateUITests */,
			);
		};
/* End PBXProject section */

/* Begin PBXResourcesBuildPhase section */
		D0B592F42C20E3390026D977 /* Resources */ = {
			isa = PBXResourcesBuildPhase;
			buildActionMask = 2147483647;
			files = (
				D0B593012C20E33A0026D977 /* Preview Assets.xcassets in Resources */,
				D0CF026C2D0DCD0700D0B15C /* GoogleService-Info.plist in Resources */,
				D0B592FE2C20E33A0026D977 /* Assets.xcassets in Resources */,
			);
			runOnlyForDeploymentPostprocessing = 0;
		};
		D0B593042C20E33A0026D977 /* Resources */ = {
			isa = PBXResourcesBuildPhase;
			buildActionMask = 2147483647;
			files = (
			);
			runOnlyForDeploymentPostprocessing = 0;
		};
		D0B5930E2C20E33A0026D977 /* Resources */ = {
			isa = PBXResourcesBuildPhase;
			buildActionMask = 2147483647;
			files = (
			);
			runOnlyForDeploymentPostprocessing = 0;
		};
/* End PBXResourcesBuildPhase section */

/* Begin PBXSourcesBuildPhase section */
		D0B592F22C20E3390026D977 /* Sources */ = {
			isa = PBXSourcesBuildPhase;
			buildActionMask = 2147483647;
			files = (
				D0059B382D28535700B3D100 /* User.swift in Sources */,
				D0C4CBE92D0DBCF00047EAA9 /* AuthViewModel.swift in Sources */,
				D0CF02AE2D0F316300D0B15C /* ImageCropperView.swift in Sources */,
				D0059B302D282F0500B3D100 /* CalendarView.swift in Sources */,
				D0CF02772D0E0D9000D0B15C /* AuthButton.swift in Sources */,
				D0CBC0A32D0A5058007513ED /* OnboardingSlide.swift in Sources */,
				D01E646D2D907078005EDCDB /* SpeedometerView.swift in Sources */,
				D0B592FC2C20E3390026D977 /* ContentView.swift in Sources */,
				D0C145B52DAAD50600674038 /* GoogleAuthService.swift in Sources */,
				D06BC1CA2D2C3E5F00E504C8 /* EmailLoginView.swift in Sources */,
				D01D2CEE2DAD814200180416 /* SocialAuthenticationProtocol.swift in Sources */,
				D0CF02AC2D0F315900D0B15C /* ImagePickerView.swift in Sources */,
				D0C4CBE42D0DBC070047EAA9 /* AuthUser.swift in Sources */,
				D0CF027D2D0E531000D0B15C /* ViewModifiers.swift in Sources */,
				D089086F2D9ABC2500784DD6 /* ProfileImageView.swift in Sources */,
				D0F5F1E62D32B45C000D6611 /* ColorGenerator.swift in Sources */,
				D0F5F2392D33DFBF000D6611 /* MapViewModel.swift in Sources */,
				D0F5F1EB2D32E270000D6611 /* ProfileImageManager.swift in Sources */,
				D0059B2C2D282EDB00B3D100 /* MapView.swift in Sources */,
				D0C4CBE72D0DBC780047EAA9 /* AuthenticationManager.swift in Sources */,
				D0B592FA2C20E3390026D977 /* CycleMateApp.swift in Sources */,
				D0C145B32DAAD4AB00674038 /* AuthProfileService.swift in Sources */,
				D0CF02732D0DCFB700D0B15C /* AuthError.swift in Sources */,
				D0C4CBF12D0DC0CB0047EAA9 /* UserDataFormView.swift in Sources */,
				D0C145AF2DAA94F600674038 /* APIService.swift in Sources */,
				D039C6F32CF4BB83000F6ACE /* FirstLaunchView.swift in Sources */,
				D0C4CBED2D0DC06B0047EAA9 /* AuthenticationView.swift in Sources */,
				D0CF02792D0E4B8600D0B15C /* ProfilePictureView.swift in Sources */,
				D0059B3A2D2B4C3100B3D100 /* EmailSignUpView.swift in Sources */,
				D0750AC72DB45C230025FB4A /* MockAuthenticationService.swift in Sources */,
				D0C145B12DAAA21000674038 /* AuthResponse.swift in Sources */,
				D01D2CF22DAD818F00180416 /* UserStorage.swift in Sources */,
				D06BC1C82D2C3DD500E504C8 /* PasswordResetView.swift in Sources */,
				1EE3C6682D980A2800BD255A /* LocationSearchView.swift in Sources */,
				D0CBC0992D0A4E80007513ED /* PageIndicator.swift in Sources */,
				D0059B342D282F9800B3D100 /* MainTabView.swift in Sources */,
				D0C145AD2DAA94D400674038 /* AuthenticationService.swift in Sources */,
				D0059B242D282E0C00B3D100 /* CustomTabBar.swift in Sources */,
				D0CBC09E2D0A4F6C007513ED /* FirstLaunchViewModel.swift in Sources */,
				D0B5932A2C20E4400026D977 /* SplashScreenView.swift in Sources */,
				D0F5F1E82D32B89D000D6611 /* ProfileInitialsView.swift in Sources */,
				D0CF02B12D0F31D700D0B15C /* ImagePickerModel.swift in Sources */,
				D0F5F2362D333836000D6611 /* LocationManager.swift in Sources */,
				D089085D2D9ABB8000784DD6 /* ProfileView.swift in Sources */,
				D01D2CF02DAD815C00180416 /* UserStorageProtocol.swift in Sources */,
				D089085F2D9ABB8000784DD6 /* StatisticCardView.swift in Sources */,
				D08908602D9ABB8000784DD6 /* BikesComponent.swift in Sources */,
				D08908612D9ABB8000784DD6 /* RouteCardView.swift in Sources */,
				D08908622D9ABB8000784DD6 /* MapPreviewComponent.swift in Sources */,
				D08908632D9ABB8000784DD6 /* MonthlyChartComponent.swift in Sources */,
				D01D2CEA2DAD810900180416 /* AuthenticationProtocol.swift in Sources */,
				D08908642D9ABB8000784DD6 /* ProfileHeaderView.swift in Sources */,
				D08908662D9ABB8000784DD6 /* StatsGridView.swift in Sources */,
				D08908672D9ABB8000784DD6 /* CounterAnimation.swift in Sources */,
				D08908692D9ABB8000784DD6 /* MembershipCardCView.swift in Sources */,
				D089086A2D9ABB8000784DD6 /* StatsComponent.swift in Sources */,
				D089086B2D9ABB8000784DD6 /* SavedRoutesView.swift in Sources */,
				D089086C2D9ABB8000784DD6 /* HomeView.swift in Sources */,
				D089086D2D9ABB8000784DD6 /* ActivitySummaryView.swift in Sources */,
			);
			runOnlyForDeploymentPostprocessing = 0;
		};
		D0B593022C20E33A0026D977 /* Sources */ = {
			isa = PBXSourcesBuildPhase;
			buildActionMask = 2147483647;
			files = (
				D0B5930B2C20E33A0026D977 /* CycleMateTests.swift in Sources */,
			);
			runOnlyForDeploymentPostprocessing = 0;
		};
		D0B5930C2C20E33A0026D977 /* Sources */ = {
			isa = PBXSourcesBuildPhase;
			buildActionMask = 2147483647;
			files = (
				D0B593172C20E33A0026D977 /* CycleMateUITestsLaunchTests.swift in Sources */,
				D0B593152C20E33A0026D977 /* CycleMateUITests.swift in Sources */,
			);
			runOnlyForDeploymentPostprocessing = 0;
		};
/* End PBXSourcesBuildPhase section */

/* Begin PBXTargetDependency section */
		D0B593082C20E33A0026D977 /* PBXTargetDependency */ = {
			isa = PBXTargetDependency;
			target = D0B592F52C20E3390026D977 /* CycleMate */;
			targetProxy = D0B593072C20E33A0026D977 /* PBXContainerItemProxy */;
		};
		D0B593122C20E33A0026D977 /* PBXTargetDependency */ = {
			isa = PBXTargetDependency;
			target = D0B592F52C20E3390026D977 /* CycleMate */;
			targetProxy = D0B593112C20E33A0026D977 /* PBXContainerItemProxy */;
		};
/* End PBXTargetDependency section */

/* Begin XCBuildConfiguration section */
		D0B593182C20E33A0026D977 /* Debug */ = {
			isa = XCBuildConfiguration;
			buildSettings = {
				ALWAYS_SEARCH_USER_PATHS = NO;
				ASSETCATALOG_COMPILER_GENERATE_SWIFT_ASSET_SYMBOL_EXTENSIONS = YES;
				CLANG_ANALYZER_NONNULL = YES;
				CLANG_ANALYZER_NUMBER_OBJECT_CONVERSION = YES_AGGRESSIVE;
				CLANG_CXX_LANGUAGE_STANDARD = "gnu++20";
				CLANG_ENABLE_MODULES = YES;
				CLANG_ENABLE_OBJC_ARC = YES;
				CLANG_ENABLE_OBJC_WEAK = YES;
				CLANG_WARN_BLOCK_CAPTURE_AUTORELEASING = YES;
				CLANG_WARN_BOOL_CONVERSION = YES;
				CLANG_WARN_COMMA = YES;
				CLANG_WARN_CONSTANT_CONVERSION = YES;
				CLANG_WARN_DEPRECATED_OBJC_IMPLEMENTATIONS = YES;
				CLANG_WARN_DIRECT_OBJC_ISA_USAGE = YES_ERROR;
				CLANG_WARN_DOCUMENTATION_COMMENTS = YES;
				CLANG_WARN_EMPTY_BODY = YES;
				CLANG_WARN_ENUM_CONVERSION = YES;
				CLANG_WARN_INFINITE_RECURSION = YES;
				CLANG_WARN_INT_CONVERSION = YES;
				CLANG_WARN_NON_LITERAL_NULL_CONVERSION = YES;
				CLANG_WARN_OBJC_IMPLICIT_RETAIN_SELF = YES;
				CLANG_WARN_OBJC_LITERAL_CONVERSION = YES;
				CLANG_WARN_OBJC_ROOT_CLASS = YES_ERROR;
				CLANG_WARN_QUOTED_INCLUDE_IN_FRAMEWORK_HEADER = YES;
				CLANG_WARN_RANGE_LOOP_ANALYSIS = YES;
				CLANG_WARN_STRICT_PROTOTYPES = YES;
				CLANG_WARN_SUSPICIOUS_MOVE = YES;
				CLANG_WARN_UNGUARDED_AVAILABILITY = YES_AGGRESSIVE;
				CLANG_WARN_UNREACHABLE_CODE = YES;
				CLANG_WARN__DUPLICATE_METHOD_MATCH = YES;
				COPY_PHASE_STRIP = NO;
				DEBUG_INFORMATION_FORMAT = dwarf;
				ENABLE_STRICT_OBJC_MSGSEND = YES;
				ENABLE_TESTABILITY = YES;
				ENABLE_USER_SCRIPT_SANDBOXING = YES;
				GCC_C_LANGUAGE_STANDARD = gnu17;
				GCC_DYNAMIC_NO_PIC = NO;
				GCC_NO_COMMON_BLOCKS = YES;
				GCC_OPTIMIZATION_LEVEL = 0;
				GCC_PREPROCESSOR_DEFINITIONS = (
					"DEBUG=1",
					"$(inherited)",
				);
				GCC_WARN_64_TO_32_BIT_CONVERSION = YES;
				GCC_WARN_ABOUT_RETURN_TYPE = YES_ERROR;
				GCC_WARN_UNDECLARED_SELECTOR = YES;
				GCC_WARN_UNINITIALIZED_AUTOS = YES_AGGRESSIVE;
				GCC_WARN_UNUSED_FUNCTION = YES;
				GCC_WARN_UNUSED_VARIABLE = YES;
				IPHONEOS_DEPLOYMENT_TARGET = 18.0;
				LOCALIZATION_PREFERS_STRING_CATALOGS = YES;
				MTL_ENABLE_DEBUG_INFO = INCLUDE_SOURCE;
				MTL_FAST_MATH = YES;
				ONLY_ACTIVE_ARCH = YES;
				SDKROOT = iphoneos;
				SWIFT_ACTIVE_COMPILATION_CONDITIONS = "DEBUG $(inherited)";
				SWIFT_OPTIMIZATION_LEVEL = "-Onone";
			};
			name = Debug;
		};
		D0B593192C20E33A0026D977 /* Release */ = {
			isa = XCBuildConfiguration;
			buildSettings = {
				ALWAYS_SEARCH_USER_PATHS = NO;
				ASSETCATALOG_COMPILER_GENERATE_SWIFT_ASSET_SYMBOL_EXTENSIONS = YES;
				CLANG_ANALYZER_NONNULL = YES;
				CLANG_ANALYZER_NUMBER_OBJECT_CONVERSION = YES_AGGRESSIVE;
				CLANG_CXX_LANGUAGE_STANDARD = "gnu++20";
				CLANG_ENABLE_MODULES = YES;
				CLANG_ENABLE_OBJC_ARC = YES;
				CLANG_ENABLE_OBJC_WEAK = YES;
				CLANG_WARN_BLOCK_CAPTURE_AUTORELEASING = YES;
				CLANG_WARN_BOOL_CONVERSION = YES;
				CLANG_WARN_COMMA = YES;
				CLANG_WARN_CONSTANT_CONVERSION = YES;
				CLANG_WARN_DEPRECATED_OBJC_IMPLEMENTATIONS = YES;
				CLANG_WARN_DIRECT_OBJC_ISA_USAGE = YES_ERROR;
				CLANG_WARN_DOCUMENTATION_COMMENTS = YES;
				CLANG_WARN_EMPTY_BODY = YES;
				CLANG_WARN_ENUM_CONVERSION = YES;
				CLANG_WARN_INFINITE_RECURSION = YES;
				CLANG_WARN_INT_CONVERSION = YES;
				CLANG_WARN_NON_LITERAL_NULL_CONVERSION = YES;
				CLANG_WARN_OBJC_IMPLICIT_RETAIN_SELF = YES;
				CLANG_WARN_OBJC_LITERAL_CONVERSION = YES;
				CLANG_WARN_OBJC_ROOT_CLASS = YES_ERROR;
				CLANG_WARN_QUOTED_INCLUDE_IN_FRAMEWORK_HEADER = YES;
				CLANG_WARN_RANGE_LOOP_ANALYSIS = YES;
				CLANG_WARN_STRICT_PROTOTYPES = YES;
				CLANG_WARN_SUSPICIOUS_MOVE = YES;
				CLANG_WARN_UNGUARDED_AVAILABILITY = YES_AGGRESSIVE;
				CLANG_WARN_UNREACHABLE_CODE = YES;
				CLANG_WARN__DUPLICATE_METHOD_MATCH = YES;
				COPY_PHASE_STRIP = NO;
				DEBUG_INFORMATION_FORMAT = "dwarf-with-dsym";
				ENABLE_NS_ASSERTIONS = NO;
				ENABLE_STRICT_OBJC_MSGSEND = YES;
				ENABLE_USER_SCRIPT_SANDBOXING = YES;
				GCC_C_LANGUAGE_STANDARD = gnu17;
				GCC_NO_COMMON_BLOCKS = YES;
				GCC_WARN_64_TO_32_BIT_CONVERSION = YES;
				GCC_WARN_ABOUT_RETURN_TYPE = YES_ERROR;
				GCC_WARN_UNDECLARED_SELECTOR = YES;
				GCC_WARN_UNINITIALIZED_AUTOS = YES_AGGRESSIVE;
				GCC_WARN_UNUSED_FUNCTION = YES;
				GCC_WARN_UNUSED_VARIABLE = YES;
				IPHONEOS_DEPLOYMENT_TARGET = 18.0;
				LOCALIZATION_PREFERS_STRING_CATALOGS = YES;
				MTL_ENABLE_DEBUG_INFO = NO;
				MTL_FAST_MATH = YES;
				SDKROOT = iphoneos;
				SWIFT_COMPILATION_MODE = wholemodule;
				VALIDATE_PRODUCT = YES;
			};
			name = Release;
		};
		D0B5931B2C20E33A0026D977 /* Debug */ = {
			isa = XCBuildConfiguration;
			buildSettings = {
				ASSETCATALOG_COMPILER_APPICON_NAME = AppIcon;
				ASSETCATALOG_COMPILER_GLOBAL_ACCENT_COLOR_NAME = AccentColor;
				CODE_SIGN_ENTITLEMENTS = CycleMate/CycleMate.entitlements;
				CODE_SIGN_STYLE = Automatic;
				CURRENT_PROJECT_VERSION = 1;
				DEVELOPMENT_ASSET_PATHS = "\"CycleMate/Preview Content\"";
				DEVELOPMENT_TEAM = Y8LS8M76UQ;
				ENABLE_PREVIEWS = YES;
				GENERATE_INFOPLIST_FILE = YES;
				INFOPLIST_FILE = CycleMate/Info.plist;
				INFOPLIST_KEY_LSApplicationCategoryType = "public.app-category.sports";
				INFOPLIST_KEY_NSCameraUsageDescription = "CycleMate needs access to your camera to take profile pictures and capture cycling moments.";
				INFOPLIST_KEY_NSHealthShareUsageDescription = "ycleMate needs access to your health data to track and analyze your cycling activities and provide personalized insights about your fitness progress.";
				INFOPLIST_KEY_NSHealthUpdateUsageDescription = "CycleMate needs permission to save your cycling workouts and activities to Apple Health to help you maintain a complete health and fitness record.";
				INFOPLIST_KEY_NSLocationAlwaysAndWhenInUseUsageDescription = "CycleMate needs your location to show your position on the map, track your cycling routes, and provide navigation even when the app is in the background.";
				INFOPLIST_KEY_NSLocationWhenInUseUsageDescription = "CycleMate needs your location to show your position on the map and track your cycling routes.";
				INFOPLIST_KEY_UIApplicationSceneManifest_Generation = YES;
				INFOPLIST_KEY_UIApplicationSupportsIndirectInputEvents = YES;
				INFOPLIST_KEY_UILaunchScreen_Generation = YES;
				INFOPLIST_KEY_UILaunchStoryboardName = SplashscreenView;
				INFOPLIST_KEY_UISupportedInterfaceOrientations = "UIInterfaceOrientationLandscapeLeft UIInterfaceOrientationLandscapeRight UIInterfaceOrientationPortrait";
				LD_RUNPATH_SEARCH_PATHS = (
					"$(inherited)",
					"@executable_path/Frameworks",
				);
				MARKETING_VERSION = 1.0;
				PRODUCT_BUNDLE_IDENTIFIER = com.poranek.CycleMate;
				PRODUCT_NAME = "$(TARGET_NAME)";
				SWIFT_EMIT_LOC_STRINGS = YES;
				SWIFT_VERSION = 5.0;
				TARGETED_DEVICE_FAMILY = "1,2";
			};
			name = Debug;
		};
		D0B5931C2C20E33A0026D977 /* Release */ = {
			isa = XCBuildConfiguration;
			buildSettings = {
				ASSETCATALOG_COMPILER_APPICON_NAME = AppIcon;
				ASSETCATALOG_COMPILER_GLOBAL_ACCENT_COLOR_NAME = AccentColor;
				CODE_SIGN_ENTITLEMENTS = CycleMate/CycleMate.entitlements;
				CODE_SIGN_IDENTITY = "Apple Development";
				CODE_SIGN_STYLE = Automatic;
				CURRENT_PROJECT_VERSION = 1;
				DEVELOPMENT_ASSET_PATHS = "\"CycleMate/Preview Content\"";
				DEVELOPMENT_TEAM = Y8LS8M76UQ;
				ENABLE_PREVIEWS = YES;
				GENERATE_INFOPLIST_FILE = YES;
				INFOPLIST_FILE = CycleMate/Info.plist;
				INFOPLIST_KEY_LSApplicationCategoryType = "public.app-category.sports";
				INFOPLIST_KEY_NSCameraUsageDescription = "CycleMate needs access to your camera to take profile pictures and capture cycling moments.";
				INFOPLIST_KEY_NSHealthShareUsageDescription = "ycleMate needs access to your health data to track and analyze your cycling activities and provide personalized insights about your fitness progress.";
				INFOPLIST_KEY_NSHealthUpdateUsageDescription = "CycleMate needs permission to save your cycling workouts and activities to Apple Health to help you maintain a complete health and fitness record.";
				INFOPLIST_KEY_NSLocationAlwaysAndWhenInUseUsageDescription = "CycleMate needs your location to show your position on the map, track your cycling routes, and provide navigation even when the app is in the background.";
				INFOPLIST_KEY_NSLocationWhenInUseUsageDescription = "CycleMate needs your location to show your position on the map and track your cycling routes.";
				INFOPLIST_KEY_UIApplicationSceneManifest_Generation = YES;
				INFOPLIST_KEY_UIApplicationSupportsIndirectInputEvents = YES;
				INFOPLIST_KEY_UILaunchScreen_Generation = YES;
				INFOPLIST_KEY_UILaunchStoryboardName = SplashscreenView;
				INFOPLIST_KEY_UISupportedInterfaceOrientations = "UIInterfaceOrientationLandscapeLeft UIInterfaceOrientationLandscapeRight UIInterfaceOrientationPortrait";
				LD_RUNPATH_SEARCH_PATHS = (
					"$(inherited)",
					"@executable_path/Frameworks",
				);
				MARKETING_VERSION = 1.0;
				PRODUCT_BUNDLE_IDENTIFIER = com.poranek.CycleMate;
				PRODUCT_NAME = "$(TARGET_NAME)";
				PROVISIONING_PROFILE_SPECIFIER = "";
				SWIFT_EMIT_LOC_STRINGS = YES;
				SWIFT_VERSION = 5.0;
				TARGETED_DEVICE_FAMILY = "1,2";
			};
			name = Release;
		};
		D0B5931E2C20E33A0026D977 /* Debug */ = {
			isa = XCBuildConfiguration;
			buildSettings = {
				BUNDLE_LOADER = "$(TEST_HOST)";
				CODE_SIGN_STYLE = Automatic;
				CURRENT_PROJECT_VERSION = 1;
				DEVELOPMENT_TEAM = Y8LS8M76UQ;
				GENERATE_INFOPLIST_FILE = YES;
				IPHONEOS_DEPLOYMENT_TARGET = 18.0;
				MARKETING_VERSION = 1.0;
				PRODUCT_BUNDLE_IDENTIFIER = Poranek.CycleMateTests;
				PRODUCT_NAME = "$(TARGET_NAME)";
				SWIFT_EMIT_LOC_STRINGS = NO;
				SWIFT_VERSION = 5.0;
				TARGETED_DEVICE_FAMILY = "1,2";
				TEST_HOST = "$(BUILT_PRODUCTS_DIR)/CycleMate.app/$(BUNDLE_EXECUTABLE_FOLDER_PATH)/CycleMate";
			};
			name = Debug;
		};
		D0B5931F2C20E33A0026D977 /* Release */ = {
			isa = XCBuildConfiguration;
			buildSettings = {
				BUNDLE_LOADER = "$(TEST_HOST)";
				CODE_SIGN_STYLE = Automatic;
				CURRENT_PROJECT_VERSION = 1;
				DEVELOPMENT_TEAM = Y8LS8M76UQ;
				GENERATE_INFOPLIST_FILE = YES;
				IPHONEOS_DEPLOYMENT_TARGET = 18.0;
				MARKETING_VERSION = 1.0;
				PRODUCT_BUNDLE_IDENTIFIER = Poranek.CycleMateTests;
				PRODUCT_NAME = "$(TARGET_NAME)";
				SWIFT_EMIT_LOC_STRINGS = NO;
				SWIFT_VERSION = 5.0;
				TARGETED_DEVICE_FAMILY = "1,2";
				TEST_HOST = "$(BUILT_PRODUCTS_DIR)/CycleMate.app/$(BUNDLE_EXECUTABLE_FOLDER_PATH)/CycleMate";
			};
			name = Release;
		};
		D0B593212C20E33A0026D977 /* Debug */ = {
			isa = XCBuildConfiguration;
			buildSettings = {
				CODE_SIGN_STYLE = Automatic;
				CURRENT_PROJECT_VERSION = 1;
				DEVELOPMENT_TEAM = Y8LS8M76UQ;
				GENERATE_INFOPLIST_FILE = YES;
				MARKETING_VERSION = 1.0;
				PRODUCT_BUNDLE_IDENTIFIER = Poranek.CycleMateUITests;
				PRODUCT_NAME = "$(TARGET_NAME)";
				SWIFT_EMIT_LOC_STRINGS = NO;
				SWIFT_VERSION = 5.0;
				TARGETED_DEVICE_FAMILY = "1,2";
				TEST_TARGET_NAME = CycleMate;
			};
			name = Debug;
		};
		D0B593222C20E33A0026D977 /* Release */ = {
			isa = XCBuildConfiguration;
			buildSettings = {
				CODE_SIGN_STYLE = Automatic;
				CURRENT_PROJECT_VERSION = 1;
				DEVELOPMENT_TEAM = Y8LS8M76UQ;
				GENERATE_INFOPLIST_FILE = YES;
				MARKETING_VERSION = 1.0;
				PRODUCT_BUNDLE_IDENTIFIER = Poranek.CycleMateUITests;
				PRODUCT_NAME = "$(TARGET_NAME)";
				SWIFT_EMIT_LOC_STRINGS = NO;
				SWIFT_VERSION = 5.0;
				TARGETED_DEVICE_FAMILY = "1,2";
				TEST_TARGET_NAME = CycleMate;
			};
			name = Release;
		};
/* End XCBuildConfiguration section */

/* Begin XCConfigurationList section */
		D0B592F12C20E3390026D977 /* Build configuration list for PBXProject "CycleMate" */ = {
			isa = XCConfigurationList;
			buildConfigurations = (
				D0B593182C20E33A0026D977 /* Debug */,
				D0B593192C20E33A0026D977 /* Release */,
			);
			defaultConfigurationIsVisible = 0;
			defaultConfigurationName = Release;
		};
		D0B5931A2C20E33A0026D977 /* Build configuration list for PBXNativeTarget "CycleMate" */ = {
			isa = XCConfigurationList;
			buildConfigurations = (
				D0B5931B2C20E33A0026D977 /* Debug */,
				D0B5931C2C20E33A0026D977 /* Release */,
			);
			defaultConfigurationIsVisible = 0;
			defaultConfigurationName = Release;
		};
		D0B5931D2C20E33A0026D977 /* Build configuration list for PBXNativeTarget "CycleMateTests" */ = {
			isa = XCConfigurationList;
			buildConfigurations = (
				D0B5931E2C20E33A0026D977 /* Debug */,
				D0B5931F2C20E33A0026D977 /* Release */,
			);
			defaultConfigurationIsVisible = 0;
			defaultConfigurationName = Release;
		};
		D0B593202C20E33A0026D977 /* Build configuration list for PBXNativeTarget "CycleMateUITests" */ = {
			isa = XCConfigurationList;
			buildConfigurations = (
				D0B593212C20E33A0026D977 /* Debug */,
				D0B593222C20E33A0026D977 /* Release */,
			);
			defaultConfigurationIsVisible = 0;
			defaultConfigurationName = Release;
		};
/* End XCConfigurationList section */

/* Begin XCRemoteSwiftPackageReference section */
		D0CBC0AC2D0B9FA9007513ED /* XCRemoteSwiftPackageReference "firebase-ios-sdk" */ = {
			isa = XCRemoteSwiftPackageReference;
			repositoryURL = "https://github.com/firebase/firebase-ios-sdk";
			requirement = {
				kind = upToNextMajorVersion;
				minimumVersion = 11.6.0;
			};
		};
		D0CF025A2D0DC75F00D0B15C /* XCRemoteSwiftPackageReference "firebase-ios-sdk" */ = {
			isa = XCRemoteSwiftPackageReference;
			repositoryURL = "https://github.com/firebase/firebase-ios-sdk.git";
			requirement = {
				kind = upToNextMajorVersion;
				minimumVersion = 11.6.0;
			};
		};
		D0CF026D2D0DCDC400D0B15C /* XCRemoteSwiftPackageReference "GoogleSignIn-iOS" */ = {
			isa = XCRemoteSwiftPackageReference;
			repositoryURL = "https://github.com/google/GoogleSignIn-iOS.git";
			requirement = {
				kind = upToNextMajorVersion;
				minimumVersion = 8.0.0;
			};
		};
		D0F5F2312D33351B000D6611 /* XCRemoteSwiftPackageReference "maplibre-gl-native-distribution" */ = {
			isa = XCRemoteSwiftPackageReference;
			repositoryURL = "https://github.com/maplibre/maplibre-gl-native-distribution.git";
			requirement = {
				kind = upToNextMajorVersion;
				minimumVersion = 6.10.0;
			};
		};
/* End XCRemoteSwiftPackageReference section */

/* Begin XCSwiftPackageProductDependency section */
		D0C4CBF22D0DC6770047EAA9 /* FirebaseAuth */ = {
			isa = XCSwiftPackageProductDependency;
			productName = FirebaseAuth;
		};
		D0CBC0AD2D0B9FA9007513ED /* FirebaseAnalytics */ = {
			isa = XCSwiftPackageProductDependency;
			package = D0CBC0AC2D0B9FA9007513ED /* XCRemoteSwiftPackageReference "firebase-ios-sdk" */;
			productName = FirebaseAnalytics;
		};
		D0CBC0AF2D0B9FA9007513ED /* FirebaseAuth */ = {
			isa = XCSwiftPackageProductDependency;
			package = D0CBC0AC2D0B9FA9007513ED /* XCRemoteSwiftPackageReference "firebase-ios-sdk" */;
			productName = FirebaseAuth;
		};
		D0CBC0B12D0B9FA9007513ED /* FirebaseCore */ = {
			isa = XCSwiftPackageProductDependency;
			package = D0CBC0AC2D0B9FA9007513ED /* XCRemoteSwiftPackageReference "firebase-ios-sdk" */;
			productName = FirebaseCore;
		};
		D0CBC0B32D0B9FA9007513ED /* FirebaseDatabase */ = {
			isa = XCSwiftPackageProductDependency;
			package = D0CBC0AC2D0B9FA9007513ED /* XCRemoteSwiftPackageReference "firebase-ios-sdk" */;
			productName = FirebaseDatabase;
		};
		D0CBC0B52D0B9FA9007513ED /* FirebaseFirestore */ = {
			isa = XCSwiftPackageProductDependency;
			package = D0CBC0AC2D0B9FA9007513ED /* XCRemoteSwiftPackageReference "firebase-ios-sdk" */;
			productName = FirebaseFirestore;
		};
		D0CBC0B72D0B9FA9007513ED /* FirebaseFunctions */ = {
			isa = XCSwiftPackageProductDependency;
			package = D0CBC0AC2D0B9FA9007513ED /* XCRemoteSwiftPackageReference "firebase-ios-sdk" */;
			productName = FirebaseFunctions;
		};
		D0CBC0B92D0B9FA9007513ED /* FirebaseStorage */ = {
			isa = XCSwiftPackageProductDependency;
			package = D0CBC0AC2D0B9FA9007513ED /* XCRemoteSwiftPackageReference "firebase-ios-sdk" */;
			productName = FirebaseStorage;
		};
		D0CF025B2D0DC75F00D0B15C /* FirebaseAnalytics */ = {
			isa = XCSwiftPackageProductDependency;
			package = D0CF025A2D0DC75F00D0B15C /* XCRemoteSwiftPackageReference "firebase-ios-sdk" */;
			productName = FirebaseAnalytics;
		};
		D0CF025D2D0DC75F00D0B15C /* FirebaseAuth */ = {
			isa = XCSwiftPackageProductDependency;
			package = D0CF025A2D0DC75F00D0B15C /* XCRemoteSwiftPackageReference "firebase-ios-sdk" */;
			productName = FirebaseAuth;
		};
		D0CF025F2D0DC75F00D0B15C /* FirebaseCore */ = {
			isa = XCSwiftPackageProductDependency;
			package = D0CF025A2D0DC75F00D0B15C /* XCRemoteSwiftPackageReference "firebase-ios-sdk" */;
			productName = FirebaseCore;
		};
		D0CF02612D0DC75F00D0B15C /* FirebaseDatabase */ = {
			isa = XCSwiftPackageProductDependency;
			package = D0CF025A2D0DC75F00D0B15C /* XCRemoteSwiftPackageReference "firebase-ios-sdk" */;
			productName = FirebaseDatabase;
		};
		D0CF02632D0DC75F00D0B15C /* FirebaseFirestore */ = {
			isa = XCSwiftPackageProductDependency;
			package = D0CF025A2D0DC75F00D0B15C /* XCRemoteSwiftPackageReference "firebase-ios-sdk" */;
			productName = FirebaseFirestore;
		};
		D0CF02652D0DC75F00D0B15C /* FirebaseFunctions */ = {
			isa = XCSwiftPackageProductDependency;
			package = D0CF025A2D0DC75F00D0B15C /* XCRemoteSwiftPackageReference "firebase-ios-sdk" */;
			productName = FirebaseFunctions;
		};
		D0CF02672D0DC75F00D0B15C /* FirebaseStorage */ = {
			isa = XCSwiftPackageProductDependency;
			package = D0CF025A2D0DC75F00D0B15C /* XCRemoteSwiftPackageReference "firebase-ios-sdk" */;
			productName = FirebaseStorage;
		};
		D0CF026E2D0DCDC400D0B15C /* GoogleSignIn */ = {
			isa = XCSwiftPackageProductDependency;
			package = D0CF026D2D0DCDC400D0B15C /* XCRemoteSwiftPackageReference "GoogleSignIn-iOS" */;
			productName = GoogleSignIn;
		};
		D0CF02702D0DCDC400D0B15C /* GoogleSignInSwift */ = {
			isa = XCSwiftPackageProductDependency;
			package = D0CF026D2D0DCDC400D0B15C /* XCRemoteSwiftPackageReference "GoogleSignIn-iOS" */;
			productName = GoogleSignInSwift;
		};
		D0F5F2322D33351B000D6611 /* MapLibre */ = {
			isa = XCSwiftPackageProductDependency;
			package = D0F5F2312D33351B000D6611 /* XCRemoteSwiftPackageReference "maplibre-gl-native-distribution" */;
			productName = MapLibre;
		};
/* End XCSwiftPackageProductDependency section */
	};
	rootObject = D0B592EE2C20E3390026D977 /* Project object */;
}
